// !$*UTF8*$!
{
	archiveVersion = 1;
	classes = {
	};
	objectVersion = 46;
	objects = {

/* Begin PBXBuildFile section */
		4626E0981D1B20AE007D14B6 /* AppDelegate.swift in Sources */ = {isa = PBXBuildFile; fileRef = 4626E0971D1B20AE007D14B6 /* AppDelegate.swift */; };
		4626E09A1D1B20AE007D14B6 /* ViewController.swift in Sources */ = {isa = PBXBuildFile; fileRef = 4626E0991D1B20AE007D14B6 /* ViewController.swift */; };
		4626E09D1D1B20AE007D14B6 /* Main.storyboard in Resources */ = {isa = PBXBuildFile; fileRef = 4626E09B1D1B20AE007D14B6 /* Main.storyboard */; };
		4626E09F1D1B20AE007D14B6 /* Assets.xcassets in Resources */ = {isa = PBXBuildFile; fileRef = 4626E09E1D1B20AE007D14B6 /* Assets.xcassets */; };
		4626E0A21D1B20AE007D14B6 /* LaunchScreen.storyboard in Resources */ = {isa = PBXBuildFile; fileRef = 4626E0A01D1B20AE007D14B6 /* LaunchScreen.storyboard */; };
		4626E0AD1D1B20AE007D14B6 /* Retro_CalculatorTests.swift in Sources */ = {isa = PBXBuildFile; fileRef = 4626E0AC1D1B20AE007D14B6 /* Retro_CalculatorTests.swift */; };
		4626E0B81D1B20AF007D14B6 /* Retro_CalculatorUITests.swift in Sources */ = {isa = PBXBuildFile; fileRef = 4626E0B71D1B20AF007D14B6 /* Retro_CalculatorUITests.swift */; };
/* End PBXBuildFile section */

/* Begin PBXContainerItemProxy section */
		4626E0A91D1B20AE007D14B6 /* PBXContainerItemProxy */ = {
			isa = PBXContainerItemProxy;
			containerPortal = 4626E08C1D1B20AE007D14B6 /* Project object */;
			proxyType = 1;
			remoteGlobalIDString = 4626E0931D1B20AE007D14B6;
			remoteInfo = "Retro-Calculator";
		};
		4626E0B41D1B20AE007D14B6 /* PBXContainerItemProxy */ = {
			isa = PBXContainerItemProxy;
			containerPortal = 4626E08C1D1B20AE007D14B6 /* Project object */;
			proxyType = 1;
			remoteGlobalIDString = 4626E0931D1B20AE007D14B6;
			remoteInfo = "Retro-Calculator";
		};
/* End PBXContainerItemProxy section */

/* Begin PBXFileReference section */
		4626E0941D1B20AE007D14B6 /* Retro-Calculator.app */ = {isa = PBXFileReference; explicitFileType = wrapper.application; includeInIndex = 0; path = "Retro-Calculator.app"; sourceTree = BUILT_PRODUCTS_DIR; };
		4626E0971D1B20AE007D14B6 /* AppDelegate.swift */ = {isa = PBXFileReference; lastKnownFileType = sourcecode.swift; path = AppDelegate.swift; sourceTree = "<group>"; };
		4626E0991D1B20AE007D14B6 /* ViewController.swift */ = {isa = PBXFileReference; lastKnownFileType = sourcecode.swift; path = ViewController.swift; sourceTree = "<group>"; };
		4626E09C1D1B20AE007D14B6 /* Base */ = {isa = PBXFileReference; lastKnownFileType = file.storyboard; name = Base; path = Base.lproj/Main.storyboard; sourceTree = "<group>"; };
		4626E09E1D1B20AE007D14B6 /* Assets.xcassets */ = {isa = PBXFileReference; lastKnownFileType = folder.assetcatalog; path = Assets.xcassets; sourceTree = "<group>"; };
		4626E0A11D1B20AE007D14B6 /* Base */ = {isa = PBXFileReference; lastKnownFileType = file.storyboard; name = Base; path = Base.lproj/LaunchScreen.storyboard; sourceTree = "<group>"; };
		4626E0A31D1B20AE007D14B6 /* Info.plist */ = {isa = PBXFileReference; lastKnownFileType = text.plist.xml; path = Info.plist; sourceTree = "<group>"; };
		4626E0A81D1B20AE007D14B6 /* Retro-CalculatorTests.xctest */ = {isa = PBXFileReference; explicitFileType = wrapper.cfbundle; includeInIndex = 0; path = "Retro-CalculatorTests.xctest"; sourceTree = BUILT_PRODUCTS_DIR; };
		4626E0AC1D1B20AE007D14B6 /* Retro_CalculatorTests.swift */ = {isa = PBXFileReference; lastKnownFileType = sourcecode.swift; path = Retro_CalculatorTests.swift; sourceTree = "<group>"; };
		4626E0AE1D1B20AE007D14B6 /* Info.plist */ = {isa = PBXFileReference; lastKnownFileType = text.plist.xml; path = Info.plist; sourceTree = "<group>"; };
		4626E0B31D1B20AE007D14B6 /* Retro-CalculatorUITests.xctest */ = {isa = PBXFileReference; explicitFileType = wrapper.cfbundle; includeInIndex = 0; path = "Retro-CalculatorUITests.xctest"; sourceTree = BUILT_PRODUCTS_DIR; };
		4626E0B71D1B20AF007D14B6 /* Retro_CalculatorUITests.swift */ = {isa = PBXFileReference; lastKnownFileType = sourcecode.swift; path = Retro_CalculatorUITests.swift; sourceTree = "<group>"; };
		4626E0B91D1B20AF007D14B6 /* Info.plist */ = {isa = PBXFileReference; lastKnownFileType = text.plist.xml; path = Info.plist; sourceTree = "<group>"; };
/* End PBXFileReference section */

/* Begin PBXFrameworksBuildPhase section */
		4626E0911D1B20AE007D14B6 /* Frameworks */ = {
			isa = PBXFrameworksBuildPhase;
			buildActionMask = 2147483647;
			files = (
			);
			runOnlyForDeploymentPostprocessing = 0;
		};
		4626E0A51D1B20AE007D14B6 /* Frameworks */ = {
			isa = PBXFrameworksBuildPhase;
			buildActionMask = 2147483647;
			files = (
			);
			runOnlyForDeploymentPostprocessing = 0;
		};
		4626E0B01D1B20AE007D14B6 /* Frameworks */ = {
			isa = PBXFrameworksBuildPhase;
			buildActionMask = 2147483647;
			files = (
			);
			runOnlyForDeploymentPostprocessing = 0;
		};
/* End PBXFrameworksBuildPhase section */

/* Begin PBXGroup section */
		4626E08B1D1B20AE007D14B6 = {
			isa = PBXGroup;
			children = (
				4626E0961D1B20AE007D14B6 /* Retro-Calculator */,
				4626E0AB1D1B20AE007D14B6 /* Retro-CalculatorTests */,
				4626E0B61D1B20AE007D14B6 /* Retro-CalculatorUITests */,
				4626E0951D1B20AE007D14B6 /* Products */,
			);
			sourceTree = "<group>";
		};
		4626E0951D1B20AE007D14B6 /* Products */ = {
			isa = PBXGroup;
			children = (
				4626E0941D1B20AE007D14B6 /* Retro-Calculator.app */,
				4626E0A81D1B20AE007D14B6 /* Retro-CalculatorTests.xctest */,
				4626E0B31D1B20AE007D14B6 /* Retro-CalculatorUITests.xctest */,
			);
			name = Products;
			sourceTree = "<group>";
		};
		4626E0961D1B20AE007D14B6 /* Retro-Calculator */ = {
			isa = PBXGroup;
			children = (
				4626E0971D1B20AE007D14B6 /* AppDelegate.swift */,
				4626E0991D1B20AE007D14B6 /* ViewController.swift */,
				4626E09B1D1B20AE007D14B6 /* Main.storyboard */,
				4626E09E1D1B20AE007D14B6 /* Assets.xcassets */,
				4626E0A01D1B20AE007D14B6 /* LaunchScreen.storyboard */,
				4626E0A31D1B20AE007D14B6 /* Info.plist */,
			);
			path = "Retro-Calculator";
			sourceTree = "<group>";
		};
		4626E0AB1D1B20AE007D14B6 /* Retro-CalculatorTests */ = {
			isa = PBXGroup;
			children = (
				4626E0AC1D1B20AE007D14B6 /* Retro_CalculatorTests.swift */,
				4626E0AE1D1B20AE007D14B6 /* Info.plist */,
			);
			path = "Retro-CalculatorTests";
			sourceTree = "<group>";
		};
		4626E0B61D1B20AE007D14B6 /* Retro-CalculatorUITests */ = {
			isa = PBXGroup;
			children = (
				4626E0B71D1B20AF007D14B6 /* Retro_CalculatorUITests.swift */,
				4626E0B91D1B20AF007D14B6 /* Info.plist */,
			);
			path = "Retro-CalculatorUITests";
			sourceTree = "<group>";
		};
/* End PBXGroup section */

/* Begin PBXNativeTarget section */
		4626E0931D1B20AE007D14B6 /* Retro-Calculator */ = {
			isa = PBXNativeTarget;
			buildConfigurationList = 4626E0BC1D1B20AF007D14B6 /* Build configuration list for PBXNativeTarget "Retro-Calculator" */;
			buildPhases = (
				4626E0901D1B20AE007D14B6 /* Sources */,
				4626E0911D1B20AE007D14B6 /* Frameworks */,
				4626E0921D1B20AE007D14B6 /* Resources */,
			);
			buildRules = (
			);
			dependencies = (
			);
			name = "Retro-Calculator";
			productName = "Retro-Calculator";
			productReference = 4626E0941D1B20AE007D14B6 /* Retro-Calculator.app */;
			productType = "com.apple.product-type.application";
		};
		4626E0A71D1B20AE007D14B6 /* Retro-CalculatorTests */ = {
			isa = PBXNativeTarget;
			buildConfigurationList = 4626E0BF1D1B20AF007D14B6 /* Build configuration list for PBXNativeTarget "Retro-CalculatorTests" */;
			buildPhases = (
				4626E0A41D1B20AE007D14B6 /* Sources */,
				4626E0A51D1B20AE007D14B6 /* Frameworks */,
				4626E0A61D1B20AE007D14B6 /* Resources */,
			);
			buildRules = (
			);
			dependencies = (
				4626E0AA1D1B20AE007D14B6 /* PBXTargetDependency */,
			);
			name = "Retro-CalculatorTests";
			productName = "Retro-CalculatorTests";
			productReference = 4626E0A81D1B20AE007D14B6 /* Retro-CalculatorTests.xctest */;
			productType = "com.apple.product-type.bundle.unit-test";
		};
		4626E0B21D1B20AE007D14B6 /* Retro-CalculatorUITests */ = {
			isa = PBXNativeTarget;
			buildConfigurationList = 4626E0C21D1B20AF007D14B6 /* Build configuration list for PBXNativeTarget "Retro-CalculatorUITests" */;
			buildPhases = (
				4626E0AF1D1B20AE007D14B6 /* Sources */,
				4626E0B01D1B20AE007D14B6 /* Frameworks */,
				4626E0B11D1B20AE007D14B6 /* Resources */,
			);
			buildRules = (
			);
			dependencies = (
				4626E0B51D1B20AE007D14B6 /* PBXTargetDependency */,
			);
			name = "Retro-CalculatorUITests";
			productName = "Retro-CalculatorUITests";
			productReference = 4626E0B31D1B20AE007D14B6 /* Retro-CalculatorUITests.xctest */;
			productType = "com.apple.product-type.bundle.ui-testing";
		};
/* End PBXNativeTarget section */

/* Begin PBXProject section */
		4626E08C1D1B20AE007D14B6 /* Project object */ = {
			isa = PBXProject;
			attributes = {
				LastSwiftUpdateCheck = 0730;
				LastUpgradeCheck = 0730;
				ORGANIZATIONNAME = PinedoInc;
				TargetAttributes = {
					4626E0931D1B20AE007D14B6 = {
						CreatedOnToolsVersion = 7.3.1;
					};
					4626E0A71D1B20AE007D14B6 = {
						CreatedOnToolsVersion = 7.3.1;
						TestTargetID = 4626E0931D1B20AE007D14B6;
					};
					4626E0B21D1B20AE007D14B6 = {
						CreatedOnToolsVersion = 7.3.1;
						TestTargetID = 4626E0931D1B20AE007D14B6;
					};
				};
			};
			buildConfigurationList = 4626E08F1D1B20AE007D14B6 /* Build configuration list for PBXProject "Retro-Calculator" */;
			compatibilityVersion = "Xcode 3.2";
			developmentRegion = English;
			hasScannedForEncodings = 0;
			knownRegions = (
				en,
				Base,
			);
			mainGroup = 4626E08B1D1B20AE007D14B6;
			productRefGroup = 4626E0951D1B20AE007D14B6 /* Products */;
			projectDirPath = "";
			projectRoot = "";
			targets = (
				4626E0931D1B20AE007D14B6 /* Retro-Calculator */,
				4626E0A71D1B20AE007D14B6 /* Retro-CalculatorTests */,
				4626E0B21D1B20AE007D14B6 /* Retro-CalculatorUITests */,
			);
		};
/* End PBXProject section */

/* Begin PBXResourcesBuildPhase section */
		4626E0921D1B20AE007D14B6 /* Resources */ = {
			isa = PBXResourcesBuildPhase;
			buildActionMask = 2147483647;
			files = (
				4626E0A21D1B20AE007D14B6 /* LaunchScreen.storyboard in Resources */,
				4626E09F1D1B20AE007D14B6 /* Assets.xcassets in Resources */,
				4626E09D1D1B20AE007D14B6 /* Main.storyboard in Resources */,
			);
			runOnlyForDeploymentPostprocessing = 0;
		};
		4626E0A61D1B20AE007D14B6 /* Resources */ = {
			isa = PBXResourcesBuildPhase;
			buildActionMask = 2147483647;
			files = (
			);
			runOnlyForDeploymentPostprocessing = 0;
		};
		4626E0B11D1B20AE007D14B6 /* Resources */ = {
			isa = PBXResourcesBuildPhase;
			buildActionMask = 2147483647;
			files = (
			);
			runOnlyForDeploymentPostprocessing = 0;
		};
/* End PBXResourcesBuildPhase section */

/* Begin PBXSourcesBuildPhase section */
		4626E0901D1B20AE007D14B6 /* Sources */ = {
			isa = PBXSourcesBuildPhase;
			buildActionMask = 2147483647;
			files = (
				4626E09A1D1B20AE007D14B6 /* ViewController.swift in Sources */,
				4626E0981D1B20AE007D14B6 /* AppDelegate.swift in Sources */,
			);
			runOnlyForDeploymentPostprocessing = 0;
		};
		4626E0A41D1B20AE007D14B6 /* Sources */ = {
			isa = PBXSourcesBuildPhase;
			buildActionMask = 2147483647;
			files = (
				4626E0AD1D1B20AE007D14B6 /* Retro_CalculatorTests.swift in Sources */,
			);
			runOnlyForDeploymentPostprocessing = 0;
		};
		4626E0AF1D1B20AE007D14B6 /* Sources */ = {
			isa = PBXSourcesBuildPhase;
			buildActionMask = 2147483647;
			files = (
				4626E0B81D1B20AF007D14B6 /* Retro_CalculatorUITests.swift in Sources */,
			);
			runOnlyForDeploymentPostprocessing = 0;
		};
/* End PBXSourcesBuildPhase section */

/* Begin PBXTargetDependency section */
		4626E0AA1D1B20AE007D14B6 /* PBXTargetDependency */ = {
			isa = PBXTargetDependency;
			target = 4626E0931D1B20AE007D14B6 /* Retro-Calculator */;
			targetProxy = 4626E0A91D1B20AE007D14B6 /* PBXContainerItemProxy */;
		};
		4626E0B51D1B20AE007D14B6 /* PBXTargetDependency */ = {
			isa = PBXTargetDependency;
			target = 4626E0931D1B20AE007D14B6 /* Retro-Calculator */;
			targetProxy = 4626E0B41D1B20AE007D14B6 /* PBXContainerItemProxy */;
		};
/* End PBXTargetDependency section */

/* Begin PBXVariantGroup section */
		4626E09B1D1B20AE007D14B6 /* Main.storyboard */ = {
			isa = PBXVariantGroup;
			children = (
				4626E09C1D1B20AE007D14B6 /* Base */,
			);
			name = Main.storyboard;
			sourceTree = "<group>";
		};
		4626E0A01D1B20AE007D14B6 /* LaunchScreen.storyboard */ = {
			isa = PBXVariantGroup;
			children = (
				4626E0A11D1B20AE007D14B6 /* Base */,
			);
			name = LaunchScreen.storyboard;
			sourceTree = "<group>";
		};
/* End PBXVariantGroup section */

/* Begin XCBuildConfiguration section */
		4626E0BA1D1B20AF007D14B6 /* Debug */ = {
			isa = XCBuildConfiguration;
			buildSettings = {
				ALWAYS_SEARCH_USER_PATHS = NO;
				CLANG_ANALYZER_NONNULL = YES;
				CLANG_CXX_LANGUAGE_STANDARD = "gnu++0x";
				CLANG_CXX_LIBRARY = "libc++";
				CLANG_ENABLE_MODULES = YES;
				CLANG_ENABLE_OBJC_ARC = YES;
				CLANG_WARN_BOOL_CONVERSION = YES;
				CLANG_WARN_CONSTANT_CONVERSION = YES;
				CLANG_WARN_DIRECT_OBJC_ISA_USAGE = YES_ERROR;
				CLANG_WARN_EMPTY_BODY = YES;
				CLANG_WARN_ENUM_CONVERSION = YES;
				CLANG_WARN_INT_CONVERSION = YES;
				CLANG_WARN_OBJC_ROOT_CLASS = YES_ERROR;
				CLANG_WARN_UNREACHABLE_CODE = YES;
				CLANG_WARN__DUPLICATE_METHOD_MATCH = YES;
				"CODE_SIGN_IDENTITY[sdk=iphoneos*]" = "iPhone Developer";
				COPY_PHASE_STRIP = NO;
				DEBUG_INFORMATION_FORMAT = dwarf;
				ENABLE_STRICT_OBJC_MSGSEND = YES;
				ENABLE_TESTABILITY = YES;
				GCC_C_LANGUAGE_STANDARD = gnu99;
				GCC_DYNAMIC_NO_PIC = NO;
				GCC_NO_COMMON_BLOCKS = YES;
				GCC_OPTIMIZATION_LEVEL = 0;
				GCC_PREPROCESSOR_DEFINITIONS = (
					"DEBUG=1",
					"$(inherited)",
				);
				GCC_WARN_64_TO_32_BIT_CONVERSION = YES;
				GCC_WARN_ABOUT_RETURN_TYPE = YES_ERROR;
				GCC_WARN_UNDECLARED_SELECTOR = YES;
				GCC_WARN_UNINITIALIZED_AUTOS = YES_AGGRESSIVE;
				GCC_WARN_UNUSED_FUNCTION = YES;
				GCC_WARN_UNUSED_VARIABLE = YES;
				IPHONEOS_DEPLOYMENT_TARGET = 9.3;
				MTL_ENABLE_DEBUG_INFO = YES;
				ONLY_ACTIVE_ARCH = YES;
				SDKROOT = iphoneos;
				SWIFT_OPTIMIZATION_LEVEL = "-Onone";
			};
			name = Debug;
		};
		4626E0BB1D1B20AF007D14B6 /* Release */ = {
			isa = XCBuildConfiguration;
			buildSettings = {
				ALWAYS_SEARCH_USER_PATHS = NO;
				CLANG_ANALYZER_NONNULL = YES;
				CLANG_CXX_LANGUAGE_STANDARD = "gnu++0x";
				CLANG_CXX_LIBRARY = "libc++";
				CLANG_ENABLE_MODULES = YES;
				CLANG_ENABLE_OBJC_ARC = YES;
				CLANG_WARN_BOOL_CONVERSION = YES;
				CLANG_WARN_CONSTANT_CONVERSION = YES;
				CLANG_WARN_DIRECT_OBJC_ISA_USAGE = YES_ERROR;
				CLANG_WARN_EMPTY_BODY = YES;
				CLANG_WARN_ENUM_CONVERSION = YES;
				CLANG_WARN_INT_CONVERSION = YES;
				CLANG_WARN_OBJC_ROOT_CLASS = YES_ERROR;
				CLANG_WARN_UNREACHABLE_CODE = YES;
				CLANG_WARN__DUPLICATE_METHOD_MATCH = YES;
				"CODE_SIGN_IDENTITY[sdk=iphoneos*]" = "iPhone Developer";
				COPY_PHASE_STRIP = NO;
				DEBUG_INFORMATION_FORMAT = "dwarf-with-dsym";
				ENABLE_NS_ASSERTIONS = NO;
				ENABLE_STRICT_OBJC_MSGSEND = YES;
				GCC_C_LANGUAGE_STANDARD = gnu99;
				GCC_NO_COMMON_BLOCKS = YES;
				GCC_WARN_64_TO_32_BIT_CONVERSION = YES;
				GCC_WARN_ABOUT_RETURN_TYPE = YES_ERROR;
				GCC_WARN_UNDECLARED_SELECTOR = YES;
				GCC_WARN_UNINITIALIZED_AUTOS = YES_AGGRESSIVE;
				GCC_WARN_UNUSED_FUNCTION = YES;
				GCC_WARN_UNUSED_VARIABLE = YES;
				IPHONEOS_DEPLOYMENT_TARGET = 9.3;
				MTL_ENABLE_DEBUG_INFO = NO;
				SDKROOT = iphoneos;
				VALIDATE_PRODUCT = YES;
			};
			name = Release;
		};
		4626E0BD1D1B20AF007D14B6 /* Debug */ = {
			isa = XCBuildConfiguration;
			buildSettings = {
				ASSETCATALOG_COMPILER_APPICON_NAME = AppIcon;
				INFOPLIST_FILE = "Retro-Calculator/Info.plist";
				LD_RUNPATH_SEARCH_PATHS = "$(inherited) @executable_path/Frameworks";
				PRODUCT_BUNDLE_IDENTIFIER = "com.Pinedoinc..Retro-Calculator";
				PRODUCT_NAME = "$(TARGET_NAME)";
			};
			name = Debug;
		};
		4626E0BE1D1B20AF007D14B6 /* Release */ = {
			isa = XCBuildConfiguration;
			buildSettings = {
				ASSETCATALOG_COMPILER_APPICON_NAME = AppIcon;
				INFOPLIST_FILE = "Retro-Calculator/Info.plist";
				LD_RUNPATH_SEARCH_PATHS = "$(inherited) @executable_path/Frameworks";
				PRODUCT_BUNDLE_IDENTIFIER = "com.Pinedoinc..Retro-Calculator";
				PRODUCT_NAME = "$(TARGET_NAME)";
			};
			name = Release;
		};
		4626E0C01D1B20AF007D14B6 /* Debug */ = {
			isa = XCBuildConfiguration;
			buildSettings = {
				BUNDLE_LOADER = "$(TEST_HOST)";
				INFOPLIST_FILE = "Retro-CalculatorTests/Info.plist";
				LD_RUNPATH_SEARCH_PATHS = "$(inherited) @executable_path/Frameworks @loader_path/Frameworks";
				PRODUCT_BUNDLE_IDENTIFIER = "com.Pinedoinc..Retro-CalculatorTests";
				PRODUCT_NAME = "$(TARGET_NAME)";
				TEST_HOST = "$(BUILT_PRODUCTS_DIR)/Retro-Calculator.app/Retro-Calculator";
			};
			name = Debug;
		};
		4626E0C11D1B20AF007D14B6 /* Release */ = {
			isa = XCBuildConfiguration;
			buildSettings = {
				BUNDLE_LOADER = "$(TEST_HOST)";
				INFOPLIST_FILE = "Retro-CalculatorTests/Info.plist";
				LD_RUNPATH_SEARCH_PATHS = "$(inherited) @executable_path/Frameworks @loader_path/Frameworks";
				PRODUCT_BUNDLE_IDENTIFIER = "com.Pinedoinc..Retro-CalculatorTests";
				PRODUCT_NAME = "$(TARGET_NAME)";
				TEST_HOST = "$(BUILT_PRODUCTS_DIR)/Retro-Calculator.app/Retro-Calculator";
			};
			name = Release;
		};
		4626E0C31D1B20AF007D14B6 /* Debug */ = {
			isa = XCBuildConfiguration;
			buildSettings = {
				INFOPLIST_FILE = "Retro-CalculatorUITests/Info.plist";
				LD_RUNPATH_SEARCH_PATHS = "$(inherited) @executable_path/Frameworks @loader_path/Frameworks";
				PRODUCT_BUNDLE_IDENTIFIER = "com.Pinedoinc..Retro-CalculatorUITests";
				PRODUCT_NAME = "$(TARGET_NAME)";
				TEST_TARGET_NAME = "Retro-Calculator";
			};
			name = Debug;
		};
		4626E0C41D1B20AF007D14B6 /* Release */ = {
			isa = XCBuildConfiguration;
			buildSettings = {
				INFOPLIST_FILE = "Retro-CalculatorUITests/Info.plist";
				LD_RUNPATH_SEARCH_PATHS = "$(inherited) @executable_path/Frameworks @loader_path/Frameworks";
				PRODUCT_BUNDLE_IDENTIFIER = "com.Pinedoinc..Retro-CalculatorUITests";
				PRODUCT_NAME = "$(TARGET_NAME)";
				TEST_TARGET_NAME = "Retro-Calculator";
			};
			name = Release;
		};
/* End XCBuildConfiguration section */

/* Begin XCConfigurationList section */
		4626E08F1D1B20AE007D14B6 /* Build configuration list for PBXProject "Retro-Calculator" */ = {
			isa = XCConfigurationList;
			buildConfigurations = (
				4626E0BA1D1B20AF007D14B6 /* Debug */,
				4626E0BB1D1B20AF007D14B6 /* Release */,
			);
			defaultConfigurationIsVisible = 0;
			defaultConfigurationName = Release;
		};
		4626E0BC1D1B20AF007D14B6 /* Build configuration list for PBXNativeTarget "Retro-Calculator" */ = {
			isa = XCConfigurationList;
			buildConfigurations = (
				4626E0BD1D1B20AF007D14B6 /* Debug */,
				4626E0BE1D1B20AF007D14B6 /* Release */,
			);
			defaultConfigurationIsVisible = 0;
		};
		4626E0BF1D1B20AF007D14B6 /* Build configuration list for PBXNativeTarget "Retro-CalculatorTests" */ = {
			isa = XCConfigurationList;
			buildConfigurations = (
				4626E0C01D1B20AF007D14B6 /* Debug */,
				4626E0C11D1B20AF007D14B6 /* Release */,
			);
			defaultConfigurationIsVisible = 0;
		};
		4626E0C21D1B20AF007D14B6 /* Build configuration list for PBXNativeTarget "Retro-CalculatorUITests" */ = {
			isa = XCConfigurationList;
			buildConfigurations = (
				4626E0C31D1B20AF007D14B6 /* Debug */,
				4626E0C41D1B20AF007D14B6 /* Release */,
			);
			defaultConfigurationIsVisible = 0;
		};
/* End XCConfigurationList section */
	};
	rootObject = 4626E08C1D1B20AE007D14B6 /* Project object */;
}
